
Microsoft Visual Studio Solution File, Format Version 12.00
# Visual Studio Version 17
VisualStudioVersion = 17.0.31919.166
MinimumVisualStudioVersion = 10.0.40219.1
Project("{FAE04EC0-301F-11D3-BF4B-00C04F79EFBC}") = "Buscaminas", "Buscaminas\Buscaminas.csproj", "{C26CFCF3-8EC7-4F2C-B682-A3B280ABBEA2}"
EndProject
Global
	GlobalSection(SolutionConfigurationPlatforms) = preSolution
		Debug|Any CPU = Debug|Any CPU
		Release|Any CPU = Release|Any CPU
	EndGlobalSection
	GlobalSection(ProjectConfigurationPlatforms) = postSolution
		{C26CFCF3-8EC7-4F2C-B682-A3B280ABBEA2}.Debug|Any CPU.ActiveCfg = Debug|Any CPU
		{C26CFCF3-8EC7-4F2C-B682-A3B280ABBEA2}.Debug|Any CPU.Build.0 = Debug|Any CPU
		{C26CFCF3-8EC7-4F2C-B682-A3B280ABBEA2}.Release|Any CPU.ActiveCfg = Release|Any CPU
		{C26CFCF3-8EC7-4F2C-B682-A3B280ABBEA2}.Release|Any CPU.Build.0 = Release|Any CPU
	EndGlobalSection
	GlobalSection(SolutionProperties) = preSolution
		HideSolutionNode = FALSE
	EndGlobalSection
	GlobalSection(ExtensibilityGlobals) = postSolution
		SolutionGuid = {4E17FC10-BD2D-41C3-9FAD-CF91195DFA6C}
	EndGlobalSection
EndGlobal
